
Microsoft Visual Studio Solution File, Format Version 12.00
# Visual Studio 14
VisualStudioVersion = 14.0.25420.1
MinimumVisualStudioVersion = 10.0.40219.1
Project("{FAE04EC0-301F-11D3-BF4B-00C04F79EFBC}") = "Homeclick", "Homeclick\Homeclick.csproj", "{38467F7A-9881-4DFD-AB19-4A8DD097EA55}"
EndProject
Project("{FAE04EC0-301F-11D3-BF4B-00C04F79EFBC}") = "VCMS.Lib", "VCMS.Lib\VCMS.Lib.csproj", "{D653A7E6-0AF7-44F3-9567-C89F2A35867A}"
EndProject
Global
	GlobalSection(SolutionConfigurationPlatforms) = preSolution
		Debug|Any CPU = Debug|Any CPU
		EasyTest|Any CPU = EasyTest|Any CPU
		Release|Any CPU = Release|Any CPU
	EndGlobalSection
	GlobalSection(ProjectConfigurationPlatforms) = postSolution
		{38467F7A-9881-4DFD-AB19-4A8DD097EA55}.Debug|Any CPU.ActiveCfg = Debug|Any CPU
		{38467F7A-9881-4DFD-AB19-4A8DD097EA55}.Debug|Any CPU.Build.0 = Debug|Any CPU
		{38467F7A-9881-4DFD-AB19-4A8DD097EA55}.EasyTest|Any CPU.ActiveCfg = Release|Any CPU
		{38467F7A-9881-4DFD-AB19-4A8DD097EA55}.EasyTest|Any CPU.Build.0 = Release|Any CPU
		{38467F7A-9881-4DFD-AB19-4A8DD097EA55}.Release|Any CPU.ActiveCfg = Release|Any CPU
		{38467F7A-9881-4DFD-AB19-4A8DD097EA55}.Release|Any CPU.Build.0 = Release|Any CPU
		{D653A7E6-0AF7-44F3-9567-C89F2A35867A}.Debug|Any CPU.ActiveCfg = Debug|Any CPU
		{D653A7E6-0AF7-44F3-9567-C89F2A35867A}.Debug|Any CPU.Build.0 = Debug|Any CPU
		{D653A7E6-0AF7-44F3-9567-C89F2A35867A}.EasyTest|Any CPU.ActiveCfg = Release|Any CPU
		{D653A7E6-0AF7-44F3-9567-C89F2A35867A}.EasyTest|Any CPU.Build.0 = Release|Any CPU
		{D653A7E6-0AF7-44F3-9567-C89F2A35867A}.Release|Any CPU.ActiveCfg = Release|Any CPU
		{D653A7E6-0AF7-44F3-9567-C89F2A35867A}.Release|Any CPU.Build.0 = Release|Any CPU
	EndGlobalSection
	GlobalSection(SolutionProperties) = preSolution
		HideSolutionNode = FALSE
	EndGlobalSection
EndGlobal
